// !$*UTF8*$!
{
	archiveVersion = 1;
	classes = {
	};
	objectVersion = 50;
	objects = {

/* Begin PBXBuildFile section */
		04418E0825C7A97E00978F51 /* AppDelegate.swift in Sources */ = {isa = PBXBuildFile; fileRef = 04418E0725C7A97E00978F51 /* AppDelegate.swift */; };
		04418E0A25C7A97E00978F51 /* SceneDelegate.swift in Sources */ = {isa = PBXBuildFile; fileRef = 04418E0925C7A97E00978F51 /* SceneDelegate.swift */; };
		04418E0C25C7A97F00978F51 /* ContentView.swift in Sources */ = {isa = PBXBuildFile; fileRef = 04418E0B25C7A97F00978F51 /* ContentView.swift */; };
		04418E0E25C7A9C900978F51 /* Assets.xcassets in Resources */ = {isa = PBXBuildFile; fileRef = 04418E0D25C7A9C900978F51 /* Assets.xcassets */; };
		04418E1125C7A9C900978F51 /* Preview Assets.xcassets in Resources */ = {isa = PBXBuildFile; fileRef = 04418E1025C7A9C900978F51 /* Preview Assets.xcassets */; };
		04418E1425C7A9C900978F51 /* LaunchScreen.storyboard in Resources */ = {isa = PBXBuildFile; fileRef = 04418E1225C7A9C900978F51 /* LaunchScreen.storyboard */; };
		04F6659025C8FE50000FFE24 /* SettingView.swift in Sources */ = {isa = PBXBuildFile; fileRef = 04F6658F25C8FE50000FFE24 /* SettingView.swift */; };
/* End PBXBuildFile section */

/* Begin PBXFileReference section */
		04418E0425C7A97E00978F51 /* YoutubeUI.app */ = {isa = PBXFileReference; explicitFileType = wrapper.application; includeInIndex = 0; path = YoutubeUI.app; sourceTree = BUILT_PRODUCTS_DIR; };
		04418E0725C7A97E00978F51 /* AppDelegate.swift */ = {isa = PBXFileReference; lastKnownFileType = sourcecode.swift; path = AppDelegate.swift; sourceTree = "<group>"; };
		04418E0925C7A97E00978F51 /* SceneDelegate.swift */ = {isa = PBXFileReference; lastKnownFileType = sourcecode.swift; path = SceneDelegate.swift; sourceTree = "<group>"; };
		04418E0B25C7A97F00978F51 /* ContentView.swift */ = {isa = PBXFileReference; lastKnownFileType = sourcecode.swift; path = ContentView.swift; sourceTree = "<group>"; };
		04418E0D25C7A9C900978F51 /* Assets.xcassets */ = {isa = PBXFileReference; lastKnownFileType = folder.assetcatalog; path = Assets.xcassets; sourceTree = "<group>"; };
		04418E1025C7A9C900978F51 /* Preview Assets.xcassets */ = {isa = PBXFileReference; lastKnownFileType = folder.assetcatalog; path = "Preview Assets.xcassets"; sourceTree = "<group>"; };
		04418E1325C7A9C900978F51 /* Base */ = {isa = PBXFileReference; lastKnownFileType = file.storyboard; name = Base; path = Base.lproj/LaunchScreen.storyboard; sourceTree = "<group>"; };
		04418E1525C7A9C900978F51 /* Info.plist */ = {isa = PBXFileReference; lastKnownFileType = text.plist.xml; path = Info.plist; sourceTree = "<group>"; };
		04F6658F25C8FE50000FFE24 /* SettingView.swift */ = {isa = PBXFileReference; lastKnownFileType = sourcecode.swift; path = SettingView.swift; sourceTree = "<group>"; };
/* End PBXFileReference section */

/* Begin PBXFrameworksBuildPhase section */
		04418E0125C7A97E00978F51 /* Frameworks */ = {
			isa = PBXFrameworksBuildPhase;
			buildActionMask = 2147483647;
			files = (
			);
			runOnlyForDeploymentPostprocessing = 0;
		};
/* End PBXFrameworksBuildPhase section */

/* Begin PBXGroup section */
		04418DFB25C7A97E00978F51 = {
			isa = PBXGroup;
			children = (
				04418E0625C7A97E00978F51 /* YoutubeUI */,
				04418E0525C7A97E00978F51 /* Products */,
			);
			sourceTree = "<group>";
		};
		04418E0525C7A97E00978F51 /* Products */ = {
			isa = PBXGroup;
			children = (
				04418E0425C7A97E00978F51 /* YoutubeUI.app */,
			);
			name = Products;
			sourceTree = "<group>";
		};
		04418E0625C7A97E00978F51 /* YoutubeUI */ = {
			isa = PBXGroup;
			children = (
				04418E0725C7A97E00978F51 /* AppDelegate.swift */,
				04418E0925C7A97E00978F51 /* SceneDelegate.swift */,
				04418E0B25C7A97F00978F51 /* ContentView.swift */,
				04418E0D25C7A9C900978F51 /* Assets.xcassets */,
				04418E1225C7A9C900978F51 /* LaunchScreen.storyboard */,
				04418E1525C7A9C900978F51 /* Info.plist */,
				04418E0F25C7A9C900978F51 /* Preview Content */,
				04F6658F25C8FE50000FFE24 /* SettingView.swift */,
			);
			path = YoutubeUI;
			sourceTree = "<group>";
		};
		04418E0F25C7A9C900978F51 /* Preview Content */ = {
			isa = PBXGroup;
			children = (
				04418E1025C7A9C900978F51 /* Preview Assets.xcassets */,
			);
			path = "Preview Content";
			sourceTree = "<group>";
		};
/* End PBXGroup section */

/* Begin PBXNativeTarget section */
		04418E0325C7A97E00978F51 /* YoutubeUI */ = {
			isa = PBXNativeTarget;
			buildConfigurationList = 04418E1825C7A9C900978F51 /* Build configuration list for PBXNativeTarget "YoutubeUI" */;
			buildPhases = (
				04418E0025C7A97E00978F51 /* Sources */,
				04418E0125C7A97E00978F51 /* Frameworks */,
				04418E0225C7A97E00978F51 /* Resources */,
			);
			buildRules = (
			);
			dependencies = (
			);
			name = YoutubeUI;
			productName = YoutubeUI;
			productReference = 04418E0425C7A97E00978F51 /* YoutubeUI.app */;
			productType = "com.apple.product-type.application";
		};
/* End PBXNativeTarget section */

/* Begin PBXProject section */
		04418DFC25C7A97E00978F51 /* Project object */ = {
			isa = PBXProject;
			attributes = {
				LastSwiftUpdateCheck = 1220;
				LastUpgradeCheck = 1220;
				TargetAttributes = {
					04418E0325C7A97E00978F51 = {
						CreatedOnToolsVersion = 12.2;
					};
				};
			};
			buildConfigurationList = 04418DFF25C7A97E00978F51 /* Build configuration list for PBXProject "YoutubeUI" */;
			compatibilityVersion = "Xcode 9.3";
			developmentRegion = en;
			hasScannedForEncodings = 0;
			knownRegions = (
				en,
				Base,
			);
			mainGroup = 04418DFB25C7A97E00978F51;
			productRefGroup = 04418E0525C7A97E00978F51 /* Products */;
			projectDirPath = "";
			projectRoot = "";
			targets = (
				04418E0325C7A97E00978F51 /* YoutubeUI */,
			);
		};
/* End PBXProject section */

/* Begin PBXResourcesBuildPhase section */
		04418E0225C7A97E00978F51 /* Resources */ = {
			isa = PBXResourcesBuildPhase;
			buildActionMask = 2147483647;
			files = (
				04418E1425C7A9C900978F51 /* LaunchScreen.storyboard in Resources */,
				04418E1125C7A9C900978F51 /* Preview Assets.xcassets in Resources */,
				04418E0E25C7A9C900978F51 /* Assets.xcassets in Resources */,
			);
			runOnlyForDeploymentPostprocessing = 0;
		};
/* End PBXResourcesBuildPhase section */

/* Begin PBXSourcesBuildPhase section */
		04418E0025C7A97E00978F51 /* Sources */ = {
			isa = PBXSourcesBuildPhase;
			buildActionMask = 2147483647;
			files = (
				04418E0825C7A97E00978F51 /* AppDelegate.swift in Sources */,
				04F6659025C8FE50000FFE24 /* SettingView.swift in Sources */,
				04418E0A25C7A97E00978F51 /* SceneDelegate.swift in Sources */,
				04418E0C25C7A97F00978F51 /* ContentView.swift in Sources */,
			);
			runOnlyForDeploymentPostprocessing = 0;
		};
/* End PBXSourcesBuildPhase section */

/* Begin PBXVariantGroup section */
		04418E1225C7A9C900978F51 /* LaunchScreen.storyboard */ = {
			isa = PBXVariantGroup;
			children = (
				04418E1325C7A9C900978F51 /* Base */,
			);
			name = LaunchScreen.storyboard;
			sourceTree = "<group>";
		};
/* End PBXVariantGroup section */

/* Begin XCBuildConfiguration section */
		04418E1625C7A9C900978F51 /* Debug */ = {
			isa = XCBuildConfiguration;
			buildSettings = {
				ALWAYS_SEARCH_USER_PATHS = NO;
				CLANG_ANALYZER_NONNULL = YES;
				CLANG_ANALYZER_NUMBER_OBJECT_CONVERSION = YES_AGGRESSIVE;
				CLANG_CXX_LANGUAGE_STANDARD = "gnu++14";
				CLANG_CXX_LIBRARY = "libc++";
				CLANG_ENABLE_MODULES = YES;
				CLANG_ENABLE_OBJC_ARC = YES;
				CLANG_ENABLE_OBJC_WEAK = YES;
				CLANG_WARN_BLOCK_CAPTURE_AUTORELEASING = YES;
				CLANG_WARN_BOOL_CONVERSION = YES;
				CLANG_WARN_COMMA = YES;
				CLANG_WARN_CONSTANT_CONVERSION = YES;
				CLANG_WARN_DEPRECATED_OBJC_IMPLEMENTATIONS = YES;
				CLANG_WARN_DIRECT_OBJC_ISA_USAGE = YES_ERROR;
				CLANG_WARN_DOCUMENTATION_COMMENTS = YES;
				CLANG_WARN_EMPTY_BODY = YES;
				CLANG_WARN_ENUM_CONVERSION = YES;
				CLANG_WARN_INFINITE_RECURSION = YES;
				CLANG_WARN_INT_CONVERSION = YES;
				CLANG_WARN_NON_LITERAL_NULL_CONVERSION = YES;
				CLANG_WARN_OBJC_IMPLICIT_RETAIN_SELF = YES;
				CLANG_WARN_OBJC_LITERAL_CONVERSION = YES;
				CLANG_WARN_OBJC_ROOT_CLASS = YES_ERROR;
				CLANG_WARN_QUOTED_INCLUDE_IN_FRAMEWORK_HEADER = YES;
				CLANG_WARN_RANGE_LOOP_ANALYSIS = YES;
				CLANG_WARN_STRICT_PROTOTYPES = YES;
				CLANG_WARN_SUSPICIOUS_MOVE = YES;
				CLANG_WARN_UNGUARDED_AVAILABILITY = YES_AGGRESSIVE;
				CLANG_WARN_UNREACHABLE_CODE = YES;
				CLANG_WARN__DUPLICATE_METHOD_MATCH = YES;
				COPY_PHASE_STRIP = NO;
				DEBUG_INFORMATION_FORMAT = dwarf;
				ENABLE_STRICT_OBJC_MSGSEND = YES;
				ENABLE_TESTABILITY = YES;
				GCC_C_LANGUAGE_STANDARD = gnu11;
				GCC_DYNAMIC_NO_PIC = NO;
				GCC_NO_COMMON_BLOCKS = YES;
				GCC_OPTIMIZATION_LEVEL = 0;
				GCC_PREPROCESSOR_DEFINITIONS = (
					"DEBUG=1",
					"$(inherited)",
				);
				GCC_WARN_64_TO_32_BIT_CONVERSION = YES;
				GCC_WARN_ABOUT_RETURN_TYPE = YES_ERROR;
				GCC_WARN_UNDECLARED_SELECTOR = YES;
				GCC_WARN_UNINITIALIZED_AUTOS = YES_AGGRESSIVE;
				GCC_WARN_UNUSED_FUNCTION = YES;
				GCC_WARN_UNUSED_VARIABLE = YES;
				IPHONEOS_DEPLOYMENT_TARGET = 14.2;
				MTL_ENABLE_DEBUG_INFO = INCLUDE_SOURCE;
				MTL_FAST_MATH = YES;
				ONLY_ACTIVE_ARCH = YES;
				SDKROOT = iphoneos;
				SWIFT_ACTIVE_COMPILATION_CONDITIONS = DEBUG;
				SWIFT_OPTIMIZATION_LEVEL = "-Onone";
			};
			name = Debug;
		};
		04418E1725C7A9C900978F51 /* Release */ = {
			isa = XCBuildConfiguration;
			buildSettings = {
				ALWAYS_SEARCH_USER_PATHS = NO;
				CLANG_ANALYZER_NONNULL = YES;
				CLANG_ANALYZER_NUMBER_OBJECT_CONVERSION = YES_AGGRESSIVE;
				CLANG_CXX_LANGUAGE_STANDARD = "gnu++14";
				CLANG_CXX_LIBRARY = "libc++";
				CLANG_ENABLE_MODULES = YES;
				CLANG_ENABLE_OBJC_ARC = YES;
				CLANG_ENABLE_OBJC_WEAK = YES;
				CLANG_WARN_BLOCK_CAPTURE_AUTORELEASING = YES;
				CLANG_WARN_BOOL_CONVERSION = YES;
				CLANG_WARN_COMMA = YES;
				CLANG_WARN_CONSTANT_CONVERSION = YES;
				CLANG_WARN_DEPRECATED_OBJC_IMPLEMENTATIONS = YES;
				CLANG_WARN_DIRECT_OBJC_ISA_USAGE = YES_ERROR;
				CLANG_WARN_DOCUMENTATION_COMMENTS = YES;
				CLANG_WARN_EMPTY_BODY = YES;
				CLANG_WARN_ENUM_CONVERSION = YES;
				CLANG_WARN_INFINITE_RECURSION = YES;
				CLANG_WARN_INT_CONVERSION = YES;
				CLANG_WARN_NON_LITERAL_NULL_CONVERSION = YES;
				CLANG_WARN_OBJC_IMPLICIT_RETAIN_SELF = YES;
				CLANG_WARN_OBJC_LITERAL_CONVERSION = YES;
				CLANG_WARN_OBJC_ROOT_CLASS = YES_ERROR;
				CLANG_WARN_QUOTED_INCLUDE_IN_FRAMEWORK_HEADER = YES;
				CLANG_WARN_RANGE_LOOP_ANALYSIS = YES;
				CLANG_WARN_STRICT_PROTOTYPES = YES;
				CLANG_WARN_SUSPICIOUS_MOVE = YES;
				CLANG_WARN_UNGUARDED_AVAILABILITY = YES_AGGRESSIVE;
				CLANG_WARN_UNREACHABLE_CODE = YES;
				CLANG_WARN__DUPLICATE_METHOD_MATCH = YES;
				COPY_PHASE_STRIP = NO;
				DEBUG_INFORMATION_FORMAT = "dwarf-with-dsym";
				ENABLE_NS_ASSERTIONS = NO;
				ENABLE_STRICT_OBJC_MSGSEND = YES;
				GCC_C_LANGUAGE_STANDARD = gnu11;
				GCC_NO_COMMON_BLOCKS = YES;
				GCC_WARN_64_TO_32_BIT_CONVERSION = YES;
				GCC_WARN_ABOUT_RETURN_TYPE = YES_ERROR;
				GCC_WARN_UNDECLARED_SELECTOR = YES;
				GCC_WARN_UNINITIALIZED_AUTOS = YES_AGGRESSIVE;
				GCC_WARN_UNUSED_FUNCTION = YES;
				GCC_WARN_UNUSED_VARIABLE = YES;
				IPHONEOS_DEPLOYMENT_TARGET = 14.2;
				MTL_ENABLE_DEBUG_INFO = NO;
				MTL_FAST_MATH = YES;
				SDKROOT = iphoneos;
				SWIFT_COMPILATION_MODE = wholemodule;
				SWIFT_OPTIMIZATION_LEVEL = "-O";
				VALIDATE_PRODUCT = YES;
			};
			name = Release;
		};
		04418E1925C7A9C900978F51 /* Debug */ = {
			isa = XCBuildConfiguration;
			buildSettings = {
				ASSETCATALOG_COMPILER_APPICON_NAME = AppIcon;
				ASSETCATALOG_COMPILER_GLOBAL_ACCENT_COLOR_NAME = AccentColor;
				CODE_SIGN_STYLE = Automatic;
				DEVELOPMENT_ASSET_PATHS = "\"YoutubeUI/Preview Content\"";
				DEVELOPMENT_TEAM = QN7CB5236Z;
				ENABLE_PREVIEWS = YES;
				INFOPLIST_FILE = YoutubeUI/Info.plist;
				LD_RUNPATH_SEARCH_PATHS = (
					"$(inherited)",
					"@executable_path/Frameworks",
				);
				PRODUCT_BUNDLE_IDENTIFIER = TeamSan3.YoutubeUI;
				PRODUCT_NAME = "$(TARGET_NAME)";
				SWIFT_VERSION = 5.0;
				TARGETED_DEVICE_FAMILY = "1,2";
			};
			name = Debug;
		};
		04418E1A25C7A9C900978F51 /* Release */ = {
			isa = XCBuildConfiguration;
			buildSettings = {
				ASSETCATALOG_COMPILER_APPICON_NAME = AppIcon;
				ASSETCATALOG_COMPILER_GLOBAL_ACCENT_COLOR_NAME = AccentColor;
				CODE_SIGN_STYLE = Automatic;
				DEVELOPMENT_ASSET_PATHS = "\"YoutubeUI/Preview Content\"";
				DEVELOPMENT_TEAM = QN7CB5236Z;
				ENABLE_PREVIEWS = YES;
				INFOPLIST_FILE = YoutubeUI/Info.plist;
				LD_RUNPATH_SEARCH_PATHS = (
					"$(inherited)",
					"@executable_path/Frameworks",
				);
				PRODUCT_BUNDLE_IDENTIFIER = TeamSan3.YoutubeUI;
				PRODUCT_NAME = "$(TARGET_NAME)";
				SWIFT_VERSION = 5.0;
				TARGETED_DEVICE_FAMILY = "1,2";
			};
			name = Release;
		};
/* End XCBuildConfiguration section */

/* Begin XCConfigurationList section */
		04418DFF25C7A97E00978F51 /* Build configuration list for PBXProject "YoutubeUI" */ = {
			isa = XCConfigurationList;
			buildConfigurations = (
				04418E1625C7A9C900978F51 /* Debug */,
				04418E1725C7A9C900978F51 /* Release */,
			);
			defaultConfigurationIsVisible = 0;
			defaultConfigurationName = Release;
		};
		04418E1825C7A9C900978F51 /* Build configuration list for PBXNativeTarget "YoutubeUI" */ = {
			isa = XCConfigurationList;
			buildConfigurations = (
				04418E1925C7A9C900978F51 /* Debug */,
				04418E1A25C7A9C900978F51 /* Release */,
			);
			defaultConfigurationIsVisible = 0;
			defaultConfigurationName = Release;
		};
/* End XCConfigurationList section */
	};
	rootObject = 04418DFC25C7A97E00978F51 /* Project object */;
}
